
Microsoft Visual Studio Solution File, Format Version 12.00
# Visual Studio Version 16
VisualStudioVersion = 16.0.31624.102
MinimumVisualStudioVersion = 10.0.40219.1
Project("{FAE04EC0-301F-11D3-BF4B-00C04F79EFBC}") = "WizLib", "WizLib\WizLib.csproj", "{8C0AD078-D809-485A-B0BE-9964D8DA802C}"
EndProject
Project("{FAE04EC0-301F-11D3-BF4B-00C04F79EFBC}") = "WizLib.DataAccess", "WizLib.DataAccess\WizLib.DataAccess.csproj", "{69F6E0CB-6E7B-4DAD-97AD-2801B034BD60}"
EndProject
Project("{FAE04EC0-301F-11D3-BF4B-00C04F79EFBC}") = "WizLib.Model", "WizLib.Model\WizLib.Model.csproj", "{7C159CB3-8591-46FC-B687-76E5182D197E}"
EndProject
Global
	GlobalSection(SolutionConfigurationPlatforms) = preSolution
		Debug|Any CPU = Debug|Any CPU
		Release|Any CPU = Release|Any CPU
	EndGlobalSection
	GlobalSection(ProjectConfigurationPlatforms) = postSolution
		{8C0AD078-D809-485A-B0BE-9964D8DA802C}.Debug|Any CPU.ActiveCfg = Debug|Any CPU
		{8C0AD078-D809-485A-B0BE-9964D8DA802C}.Debug|Any CPU.Build.0 = Debug|Any CPU
		{8C0AD078-D809-485A-B0BE-9964D8DA802C}.Release|Any CPU.ActiveCfg = Release|Any CPU
		{8C0AD078-D809-485A-B0BE-9964D8DA802C}.Release|Any CPU.Build.0 = Release|Any CPU
		{69F6E0CB-6E7B-4DAD-97AD-2801B034BD60}.Debug|Any CPU.ActiveCfg = Debug|Any CPU
		{69F6E0CB-6E7B-4DAD-97AD-2801B034BD60}.Debug|Any CPU.Build.0 = Debug|Any CPU
		{69F6E0CB-6E7B-4DAD-97AD-2801B034BD60}.Release|Any CPU.ActiveCfg = Release|Any CPU
		{69F6E0CB-6E7B-4DAD-97AD-2801B034BD60}.Release|Any CPU.Build.0 = Release|Any CPU
		{7C159CB3-8591-46FC-B687-76E5182D197E}.Debug|Any CPU.ActiveCfg = Debug|Any CPU
		{7C159CB3-8591-46FC-B687-76E5182D197E}.Debug|Any CPU.Build.0 = Debug|Any CPU
		{7C159CB3-8591-46FC-B687-76E5182D197E}.Release|Any CPU.ActiveCfg = Release|Any CPU
		{7C159CB3-8591-46FC-B687-76E5182D197E}.Release|Any CPU.Build.0 = Release|Any CPU
	EndGlobalSection
	GlobalSection(SolutionProperties) = preSolution
		HideSolutionNode = FALSE
	EndGlobalSection
	GlobalSection(ExtensibilityGlobals) = postSolution
		SolutionGuid = {A4C3FB23-61F6-4955-975C-4525189479A7}
	EndGlobalSection
EndGlobal
